{
  "version": 3,
  "mopsTomlDepsHash": "7a063cb98749a977b63b09f87b878ee464f6aecd603d875033450d491f5efd5e",
  "localDepsHash": "b9761d43453b62517a2c0779f580818788ee682a07464d5261d9f447dafa2f2e",
  "deps": {
    "base": "0.14.5",
    "core": "2.6.1",
    "ic": "4.2.0",
    "ic-bls12-381": "./vendor/icp-seeding-secrets-poc/motoko/bls12-381",
    "iterext": "https://github.com/timohanke/motoko-iterext#v2.0.0",
    "sealed-secrets-vetkeys": "./vendor/icp-seeding-secrets-poc/motoko/vetkeys",
    "sha2": "0.2.5",
    "sha3": "0.1.1",
    "test": "2.1.2"
  },
  "graph": {
    "base@0.14.5": {},
    "base@0.8.2": {},
    "core@2.0.0": {},
    "core@2.5.0": {},
    "core@2.6.1": {},
    "ic@4.2.0": {
      "core": "2.5.0"
    },
    "sha2@0.2.5": {
      "core": "2.5.0"
    },
    "sha3@0.1.1": {
      "base": "0.8.2",
      "iterext": "https://github.com/timohanke/motoko-iterext#v2.0.0"
    },
    "test@2.1.2": {
      "core": "2.0.0"
    }
  },
  "github": {
    "iterext": {
      "resolved": "6c05ff069e00eabdd2fc700d7457878d72dafaa9",
      "hash": "9c0ddd55b0932d27a29add2c1e2f0a1a3abc5561aeaf21babefc065ccb191d0a"
    }
  },
  "hashes": {
    "base@0.14.5": {
      "base@0.14.5/LICENSE": "166bd8e8cf7790087d1fd18a9fa4d060cc0d0b3e5ab30689aa5f3a59a93386bf",
      "base@0.14.5/NOTICE": "3960a8d25fa5fc909325817b08b36c1146970930ca15b6352f8ea6db803cab47",
      "base@0.14.5/README.md": "f45244a47229456939321014b550e3360b4f8c4d0fd60aa60bbba7e9eacbc8de",
      "base@0.14.5/mops.toml": "59ea83dffe62422ab986848a78aed520b41f0a2352695bc65344c856138198b9",
      "base@0.14.5/src/Array.mo": "b8b182ec7522daf79160a00e34a7ea558369c32c2b67a6ed339fa2e56ce60835",
      "base@0.14.5/src/AssocList.mo": "07a92db12c36ba96baf3fb45ac76662407ca5d6cee7aedb01fa8ed6d9ee98cf4",
      "base@0.14.5/src/Blob.mo": "9d4b10667080778bca66cb534f1e0a1477e5247a970170f4ba19e7c58cc4939d",
      "base@0.14.5/src/Bool.mo": "65faf01dc6e3609ed2f729b813811506951adcce71c081fc6edcdbae4c8b1169",
      "base@0.14.5/src/Buffer.mo": "7ad75dec25ea37e964c536d6bb86ed90cc48047feedb57c9ded359bea49045f7",
      "base@0.14.5/src/CertifiedData.mo": "51a205989529f6b4fe788f78be0de2da1cb96f6532aac8accccbf4421cce3d06",
      "base@0.14.5/src/Char.mo": "dc34cfe3482b92134e5604629377b4236367f2f31d8a82b81084ca5cadf31c2e",
      "base@0.14.5/src/Debug.mo": "b1c97f53827eb8f5476c663fba8d4ec54a69980c15f7b9c74335d9bf8be0a973",
      "base@0.14.5/src/Deque.mo": "39da68fb8f19fb497aa3db769ffe2cb740cab54e6d82264052de505edac9b17b",
      "base@0.14.5/src/Error.mo": "a5045ea30d25ac7d731a18ddae6a60fd28790971881dfe6e8560f212d95df614",
      "base@0.14.5/src/ExperimentalCycles.mo": "baec79c136832746e2719f7d045926c445e88ff1a87a98fb7ad367554fd5e665",
      "base@0.14.5/src/ExperimentalInternetComputer.mo": "00ffec3506f3bd66a3ed72e70d2c98e24c0d98be2750d35b8109e00d3aee453d",
      "base@0.14.5/src/ExperimentalStableMemory.mo": "70330ae4d113e15d1d211c8ea229bc0a6fc6c014f5fece58aea0de90c82e4fff",
      "base@0.14.5/src/Float.mo": "36d61a5e1ca108ae28a168d507c6d99b7e5fc11be600f687ea6bcd7fe3db84fe",
      "base@0.14.5/src/Func.mo": "bea8bcb92707a255814e0a7d79c238e490860c38001438612948704027f05bec",
      "base@0.14.5/src/Hash.mo": "99d7add2ed6e82cf482593ac85edd231d507ef542608cd42fec1cc6d764906e9",
      "base@0.14.5/src/HashMap.mo": "639c3377687ef59c22ac8df7ef5b26cf6c9689a356ea1ac9fbe215819db59adf",
      "base@0.14.5/src/Heap.mo": "517b746ca16d80b9b7cf3fc6c2883854d4cb240bd494a888fb65ac02441f769b",
      "base@0.14.5/src/Int.mo": "3dc2fe075ca553d92cb8178f3216a591233376ffb591d42a8f08bd86c7b5cea6",
      "base@0.14.5/src/Int16.mo": "586617af6cef687bd05cd29cd0c785b366ad5ad2b871151f909de76671b755c3",
      "base@0.14.5/src/Int32.mo": "bcb4775ef68e0b2b5b872771abcda8eaef4e0a126562b0877e91b3a1ebaaffd6",
      "base@0.14.5/src/Int64.mo": "7cfa15c6a8b777fb5f67e841da3d0960a5ef43c66d46acdf354e8a7dfac57d2d",
      "base@0.14.5/src/Int8.mo": "dfdaf280fe2a1b7524cf82116ccdeea5c70cb27046b8addd3c3d9f387b17f594",
      "base@0.14.5/src/Iter.mo": "140291f243dfcfdbedb54a264cce76b7481eeb8767224a41fa9951beaf067b67",
      "base@0.14.5/src/IterType.mo": "1b6361f1b7ee81d1974719c8464c8c574aaee992c37c3c7b6c39f107a58af01c",
      "base@0.14.5/src/List.mo": "d13e77eb05b4edcca55e7cc5ee7ce5018c5a137a7a67708e8eb54967c38673fb",
      "base@0.14.5/src/Nat.mo": "d2d24f2b42365b3a54c8bb3cf467b94d1ec7f3271a7d0f671986c04a39a8b844",
      "base@0.14.5/src/Nat16.mo": "42483fe26ec90fcfc5d90e82df945ea128d10145dada4ee8f68ee85e62f17841",
      "base@0.14.5/src/Nat32.mo": "7919cf0598707ae3628d70caa3bb44c04e3bd940752b85481f4f071cde89b66a",
      "base@0.14.5/src/Nat64.mo": "dce2861f9674d6301fb2b98475460e85b3d245537c52e3c7a90fac257e5c96f0",
      "base@0.14.5/src/Nat8.mo": "b9266d0b5e284288beeca990963cb7a8c9492d69771c656d0501507a613802ba",
      "base@0.14.5/src/None.mo": "b204a4964519117e6fa8ee82da5653376988cf618fc397205dfc8ea58f60d2d1",
      "base@0.14.5/src/Option.mo": "72c9ddc183b6248375e0f96efd33881a130a465f97e6a3a553ffe8f16bb5fba7",
      "base@0.14.5/src/Order.mo": "d8c76128271612469d052520f10af726556df78688729f9856b62ea292e0f43f",
      "base@0.14.5/src/OrderedMap.mo": "d743491a4dca60fb446144617a1e813019ec1c9c345281144bc5103061fb2eb0",
      "base@0.14.5/src/OrderedSet.mo": "44d4fd4e3b9587124996daebf52ec81cb83a350d02b56f1ab097f1ad3fef0e41",
      "base@0.14.5/src/Prelude.mo": "7b4ea84cb683203c68d6135b524ca5587a1b23436d6733e0aaf723d36be4aa85",
      "base@0.14.5/src/Principal.mo": "5e50eba952b7de62450264a2ece0af6edadd0b6dd4c8cfd2e432ca66022f70ab",
      "base@0.14.5/src/RBTree.mo": "3e5766dbdc21e358f407718bd9a210af5a5dfb7a10843fe0e09b005fd3f4a07a",
      "base@0.14.5/src/Random.mo": "15f6fd50d10a9eb401c3f18f19874fb334fec309e94499a46a0a876037dca266",
      "base@0.14.5/src/Region.mo": "6ca3019aed15ad442a3a794000ac245b2bcbd846033966e446dc1a29986dbf0b",
      "base@0.14.5/src/Result.mo": "4aa00198ee36ea3b60519f9c350e1c17b14b6ffa005b6d4edcff36a0a206f3af",
      "base@0.14.5/src/Stack.mo": "4b2681e9ed562b02840b7a46b58e66b695a725f31b94f6c9952e95e81b703b84",
      "base@0.14.5/src/Text.mo": "d21beb556b69c6a21bb2ba87830b132c4f46ec2f97abb2c34187198dc5a58818",
      "base@0.14.5/src/Time.mo": "4e2a6126d0a2b0b862735adbde93620a70cb388af25a87c7b853650abd0743ab",
      "base@0.14.5/src/Timer.mo": "e6302739637537d10fd84b6d0c7d79ac85f791d62d0e61090f9b93be8b8b8ced",
      "base@0.14.5/src/Trie.mo": "63c0fbe6d48808630c7edf51d66140b8b2a43a734e425ab854234126e242cb07",
      "base@0.14.5/src/TrieMap.mo": "6d69d887006cd1dff09331473f258141bccb251a04a3a8221b65720a4bf237ac",
      "base@0.14.5/src/TrieSet.mo": "29b3314f43fad714fc7b68cc3b0dde00a7d8b02b6431afd7fe12304dc14f9612"
    },
    "core@2.6.1": {
      "core@2.6.1/LICENSE": "840e3d57a38a8061f55d04470fbd58b9345326fa04ea10ee42add5c6e3b2aa08",
      "core@2.6.1/NOTICE": "d62ca4ef9e2c9df064115c339013593cf0769e2b9dc78fa4b3211222541c7f83",
      "core@2.6.1/README.md": "c5e314d907a91e02cb18c86966bae402e6143329510b2a38b665df3b3dbaca61",
      "core@2.6.1/mops.toml": "63ffb60fb927b3c31fe28df6ed9c958f7d0a2b644f12f7173c210f43c268569d",
      "core@2.6.1/src/Array.mo": "59e4440bc7ed2988d9ff0be1ec091cd4c994ce9d713e282f88a57d295598338a",
      "core@2.6.1/src/Base64.mo": "0d70a221a21a1bfb7ad79da30271f6e1f892a4148f8c844975b108c2e052ea3f",
      "core@2.6.1/src/Blob.mo": "f5085a7be3a9ed3e9bf11cbf8001146c9586acc45a7ee13513c5e8f97cad561b",
      "core@2.6.1/src/Bool.mo": "3b606a6631f28c774e3055bc860201e56260fd32fdc5e8dc00d901506be95db5",
      "core@2.6.1/src/CallerAttributes.mo": "7ac5ea306f7e4393a7830a1dd522583d3388b8dd4667db132ee77ba9ae131f66",
      "core@2.6.1/src/CertifiedData.mo": "87fa7b145507d63aab702030bc797f9c5c45ec796b84bc573d70448ceabaec9a",
      "core@2.6.1/src/Char.mo": "954caba4a5e2e714912e9a6981f4fea08865780c98797b36333cff6b0c68f220",
      "core@2.6.1/src/Cycles.mo": "9f5c1fceea47f05c43f22a1c25e8753fb7e552e36106d27bceef24b1310f4cbc",
      "core@2.6.1/src/Debug.mo": "526c3f9d94e4a682917febb7b0021831a7cc345a2aa63e2499ddeda33cf63b3e",
      "core@2.6.1/src/Error.mo": "2112280ea5300ae94ff9188c3bbd75a7db87f0c6eb65c2ac5bf04bc27c851d98",
      "core@2.6.1/src/Float.mo": "5cedfd9b42f79d6a4c5d984dd895542b70b1b23afc704486595d6247d81e2438",
      "core@2.6.1/src/Float32.mo": "f18868603519d69289e049367f12fda160480dc44bc917b911b29a8cf84cef50",
      "core@2.6.1/src/Func.mo": "30b6c3d6c7938a4ab968c8916f9e66e6dd4d3f209b4f2f967f2d6a7b61e3380c",
      "core@2.6.1/src/Int.mo": "2233228b585ece0af237b3b8ce9f8c4cc65014bae733192a8cff69c37df35e2c",
      "core@2.6.1/src/Int16.mo": "a6b33d80f900e8f94bf317727fb6d4777191d0304430cd9e08af34ada00ca339",
      "core@2.6.1/src/Int32.mo": "06a69a5fdb5224b5f6184bd35c1d1bd756fc197527ca9262bd19ea3b304ebb7e",
      "core@2.6.1/src/Int64.mo": "e3c3a0355f3c0ea3c8c70d9bc6e300b19a318a71ae0e475cfe4012d0b41d0fce",
      "core@2.6.1/src/Int8.mo": "e29df82bf43aca0c657c8c1c6e77c72605cf64b774a42f267369f9001b1620b1",
      "core@2.6.1/src/InternetComputer.mo": "969951411beb5caf7d60ba6d5e906a5c70a3b466cee42e1135d1cd3d791cb3a1",
      "core@2.6.1/src/Iter.mo": "463f3b12d0d462ba55e84b77cffa8a1d76f04695144f966338aaccb4960dedc5",
      "core@2.6.1/src/List.mo": "c84280433ed0df65b18f28d56a37e64a465a128e8d596903ecb16347837e1f9c",
      "core@2.6.1/src/Map.mo": "125a036b4fffb32a99830df565ae4d095dc02d2c0e0f8a26205872a65bf628b8",
      "core@2.6.1/src/Nat.mo": "e28b0dcbc6cb5f532e386124a8384ab84d5f524134267615c336fb70f186d8cb",
      "core@2.6.1/src/Nat16.mo": "ff3682d1b233721065d9157e4587e8cbd100b882033621d01d1b47cb67ce68fa",
      "core@2.6.1/src/Nat32.mo": "6886e8148867a10fa58f94b31cd6de84322cc274cc06b758ddc1784445648259",
      "core@2.6.1/src/Nat64.mo": "fc295f4fb2542b8777e81e7b7fc6f1624a3ee67b52db5c756664fe59a93cfdb7",
      "core@2.6.1/src/Nat8.mo": "c08a40665121fd2b26764bc1cde3ac19ee075d4416a0091ddae446d539ee94a9",
      "core@2.6.1/src/Option.mo": "aeec94cd6954e7b8b5463a5b15abddfb56c5322cb9b9e7ac782092d5c33a8b38",
      "core@2.6.1/src/Order.mo": "6c21e905e1e8c2b40cd50438218230c207d0bbec0d2514779edd76f9f84a812c",
      "core@2.6.1/src/Principal.mo": "181f4c5f5b6cc8c65d202490a1c7d771f9a462ae1c9fb13cb8915e5feb9f5c71",
      "core@2.6.1/src/PriorityQueue.mo": "e8c02d636e669fbf4ce3dc3b3e1a8d3003ef6d15e989035423e84aa2571cc4b9",
      "core@2.6.1/src/Queue.mo": "52a4276d862e4c26c3f41c09ffe07803c3740118dea3a84c8f086827b65b5399",
      "core@2.6.1/src/Random.mo": "b60f8a72134bab5f527da3c929e63f4ade612ad0799fba576c218f73cbdfad88",
      "core@2.6.1/src/Region.mo": "23ab562d605c80fae3ca10f49df2fc1201d558eee01adf7ddd8d3ada60d7eca9",
      "core@2.6.1/src/Result.mo": "fbf78ffb539258703fa529ec622111cd5962e2aa4d76943bc99e079416b404c3",
      "core@2.6.1/src/Runtime.mo": "d221bd16b45cb717cb4ef4fd698fa8632a415aecbbb5a6fdc8b5cd4bc50a9e56",
      "core@2.6.1/src/Set.mo": "04cde46bb20c3b770a18a330c0449881e92d1948b17fd7d28ce95f9d5ba1d740",
      "core@2.6.1/src/Stack.mo": "8c1146ff41f7f7a4ed775367e22c1c4e711c0a3f0a4335ddc0858730c8214313",
      "core@2.6.1/src/Text.mo": "54ebeb2a1e507ab18e9c37214b2cd15e3255d04523c088deeaf1d24a757ffbd9",
      "core@2.6.1/src/Time.mo": "fcffd56cbeb21c3d8613973f3f1ea382babcf122ea93c9689149f0101c5f3e96",
      "core@2.6.1/src/Timer.mo": "477fe4f6a015a839000ce7a6a871877b3f32c6589850dab2b7e7e872d661b225",
      "core@2.6.1/src/Tuples.mo": "0156c1fc21fffedd71d173e0d1b1e7a9a19726cbc49ec1cf49029d6d93bc7955",
      "core@2.6.1/src/Types.mo": "00dc0132996b3bb3eaf5cc4413be78ca860137ef26f5b472b0e7b3ef68f6652f",
      "core@2.6.1/src/VarArray.mo": "2c35be7e04000139460258b08a1ded7047f46b6aef9f4af3c8c6075bd889ebbe",
      "core@2.6.1/src/WeakReference.mo": "06e58a6d67bf67c4b31ff871416d0cf6d6e34bfb409ce73d83372ef6b74de3cf",
      "core@2.6.1/src/internal/BTreeHelper.mo": "305e10c7e7c740976b60b4b8d63145131ec3d9ade066aac68a1f631981a308f4",
      "core@2.6.1/src/internal/PRNG.mo": "8a93e87baa2b12f613c82394a4a05b425e44a695bbace4ca36f9a1f78be26442",
      "core@2.6.1/src/internal/SortHelper.mo": "fff4f2eec5c59a3db13e46eeb69152bb1b98931f45cb58ac481439a0cd0d10bb",
      "core@2.6.1/src/pure/List.mo": "4c73dc64c6c6042a6f740ed8a699f0917d8e9ae2d5488867b403137c8d1d1a7f",
      "core@2.6.1/src/pure/Map.mo": "1d1c054ef2b86ffa66ada38053760bd2a9b936665e1448db3f4a3e4d48eca05e",
      "core@2.6.1/src/pure/Queue.mo": "129647e8a3dd65404f8ad28fc8f299fd4586bc32802ad9ede9c1f21249d4e54b",
      "core@2.6.1/src/pure/RealTimeQueue.mo": "60e1f118e1fd728c64ac769396b2441a3e9be5208051139b3dd652125a81a0cb",
      "core@2.6.1/src/pure/Set.mo": "c8f6f193a4b42b2df65ce8c05d610ccbcdc8befddc72acd44445e7290224373e"
    },
    "ic@4.2.0": {
      "ic@4.2.0/LICENSE": "ec415b57f8143746b567c94bfad243f5342f3edf110c94641a1a60e02722db55",
      "ic@4.2.0/README.md": "4aacc06321244e54f741e9d826f3d374144a4b32372cb58dddaedcaad2e12bc3",
      "ic@4.2.0/mops.toml": "90a4087e4c1fb5ca9b976d824370bca632d860191eedd0461ac85bdbc4169f55",
      "ic@4.2.0/src/Call.mo": "b4a3572e5617d0b1eb696450344b65e99504f844794e7ddf1cff664fcfeb2994",
      "ic@4.2.0/src/Types.mo": "3d145437f9b8c6a661266ec659c9522c4b9001b50954945816e746f48028c9fc",
      "ic@4.2.0/src/lib.mo": "9d9ec84a85eb25d191c1cae99cb841d9b6e0cf0f9bc27c3f3805ac9673d7bef1"
    },
    "sha2@0.2.5": {
      "sha2@0.2.5/LICENSE": "ab81130a0a5f64eb71f0c0f84ff643fdd13b0d3d24c5e741b73768760d9f62dc",
      "sha2@0.2.5/NOTICE": "263c783b30440460b9a046b117b686dcc24e6fe912d8f78013ab00836de79b69",
      "sha2@0.2.5/README.md": "e90038080d0aa7450a6c3d7507e6943be6d1bd02cfbbbd3dfda50797d1e2104c",
      "sha2@0.2.5/examples/Merkle.mo": "8b22324c056e564b75711e046203873608203ade7f754d1181605d3e2c4d4a13",
      "sha2@0.2.5/examples/NFold.mo": "6865e355a7e08d0fbc70501251fcb5a0c7a509d79eb7eccbd72de61e28ec4945",
      "sha2@0.2.5/mops.toml": "71c8abf548ff55ae220c0c333515be1a3003bc167a0762829797beeec73ef78b",
      "sha2@0.2.5/src/Sha256.mo": "76ec5683c22c86245d5156400617cb9a5e9f289f680bf27989a665d4794bf548",
      "sha2@0.2.5/src/Sha512.mo": "805ccfbc23f2dd13b1ee2dff586b2572d6b9a6b26f4e866c1fb6bac0c26420a8",
      "sha2@0.2.5/src/sha256/buffer/lib.mo": "d87dccc5c4802c1d402a69e5448fb22d7bc173a916cc49362bb1123510fff928",
      "sha2@0.2.5/src/sha256/digest/lib.mo": "a4270166623d43b222b552eabf0366258aca8410a64922d7b3fb8889dd7d1312",
      "sha2@0.2.5/src/sha256/state/lib.mo": "35be2bba9635a6e3641b8715ea08d2c3175b571732fbaf5e85e51a1ae4a4ea6f",
      "sha2@0.2.5/src/sha256/state/process/blocks/accessor.mo": "0e4aa600469b13cda78d9814a1c71da30234631906f74805527b833334dbd147",
      "sha2@0.2.5/src/sha256/state/process/blocks/array.mo": "af83641e36a46959895844b84872536429ab70a915bf9b8a9e3a4a6ddfeb5f89",
      "sha2@0.2.5/src/sha256/state/process/blocks/blob.mo": "d834ead0f15ee63feacf90bcc600984dd838b52ff8aa91d522472485d916977c",
      "sha2@0.2.5/src/sha256/state/process/blocks/iter.mo": "4001f759362c8096d0b5e56fed6594c9f6736c2e2790f6c3f047c873660ebe5f",
      "sha2@0.2.5/src/sha256/state/process/blocks/leaf.mo": "3625e9ab03e474d711c429493c7808c0627570cf01b9344eae1158e0e3d1f127",
      "sha2@0.2.5/src/sha256/state/process/blocks/merge.mo": "3a665665a830e36ad2a894b847e70d0a24ef9d69dbd4beb776e35b7676618198",
      "sha2@0.2.5/src/sha256/state/process/blocks/reader.mo": "e00d7b5f8df00307296b038d715792dea6d4cd874c91a1f38a2c07109cc7f507",
      "sha2@0.2.5/src/sha256/state/process/blocks/varArray.mo": "c2671d9f101f2bfea564703f89cc6f0f2e74b897805f53952aa850d271d7fc83",
      "sha2@0.2.5/src/sha256/state/process/constants.mo": "326a2be008dfe08c8719b681d46ecd06091511961873444b19d3332e6b77f7ab",
      "sha2@0.2.5/src/sha256/state/process/fold.mo": "9d060771d02a36f33d500667a816d4dfbbbd0699a610163242a90a16613b89a1",
      "sha2@0.2.5/src/sha256/state/process/msg_buffer.mo": "0dd2efe4686f6f99fd4d4e9403bfa662ce0e4558b3bb75ab982f24729e436502",
      "sha2@0.2.5/src/sha256/state/process/padding.mo": "ac48f6c1dafe55a4516daf8e6c5b76e3347942beb0896cd9a50bc63d9f34ba23",
      "sha2@0.2.5/src/sha256/types.mo": "ef2fc9f7179e7895b7398fbae20bd374e14bd68325e56c297a348d3b6f9030cf",
      "sha2@0.2.5/src/sha512/constants.mo": "4e18cf2b0b74cfe961dedc756f6e2461e05c5b6eb69ac9aec92cea00cad73b97",
      "sha2@0.2.5/src/sha512/digest/lib.mo": "a0dc389cfa080e3b8c4d4aa3022866562434223a954d7c08ccc826d66080588b",
      "sha2@0.2.5/src/sha512/padding.mo": "ddcd9fe1b212de8120fd66fc9b6db1699626b1244d05dcb2c9bffff44fc25930",
      "sha2@0.2.5/src/sha512/process_block.mo": "4cbba34d75a7b868e582fa17c212455ab73192ec62411b5819e67ea8a1fbfe91",
      "sha2@0.2.5/src/sha512/types.mo": "885efe7fcd464446a689184d5723d4fafbebee08fee449096f5fbc847f7498e9",
      "sha2@0.2.5/src/sha512/whole_blocks/accessor.mo": "43d22931e4a7ea2ea06c43cf9558e3fcd1a37f405f4d6585d8cd1dec4956a86a",
      "sha2@0.2.5/src/sha512/whole_blocks/array.mo": "41e476db604b0d81876316ea844a4ebf420aa032b8fcc1412de92af337083631",
      "sha2@0.2.5/src/sha512/whole_blocks/blob.mo": "944ad1b09e3e1e19f478f6b1d7e339897c870ce0ae574c43c970d6df3b3667ba",
      "sha2@0.2.5/src/sha512/whole_blocks/iter.mo": "b10ab448ead77fd3858924c963d65bda1a17bc42b9fccbf183746611a6aa3d3e",
      "sha2@0.2.5/src/sha512/whole_blocks/reader.mo": "ea5621981c5404abe9b9506230d5985c1e4bf047a09bdd0fa76ab7f753b0be01",
      "sha2@0.2.5/src/sha512/whole_blocks/varArray.mo": "22bf05c4bfc24f79c3d48c99258148ceb6ca09e9e000dcb6b86b5e075e4a7766",
      "sha2@0.2.5/src/sha512/write/accessor.mo": "e87edabac0da4781ca0c73cd0bd6ef6b0798b5449c4fb19f170d4fab748ee85c",
      "sha2@0.2.5/src/sha512/write/array.mo": "0ff7bf6469e4f93053a28ea3e4a43833eb43e5f1390ccf5aaff6034d2ce2bba3",
      "sha2@0.2.5/src/sha512/write/blob.mo": "2d031c57963f265a54307956d0c8cf05555cfc391f3536d7c39f1f48dfcfd2f6",
      "sha2@0.2.5/src/sha512/write/byte.mo": "37e9e349a9c666cb6e9f273fafa2a91a92a05b962094c1d7aab1d6a1ad9affdb",
      "sha2@0.2.5/src/sha512/write/iter.mo": "e06f0562813537871da60d3a965599e6ad3dc915ff8905ca05a5768313856063",
      "sha2@0.2.5/src/sha512/write/lib.mo": "9aa271369a4a5bbb560e9c6fdc5d3ba4e16bfcf2d342f04ff155915e89cb66ba",
      "sha2@0.2.5/src/sha512/write/reader.mo": "cc3a5027d00aca8c7f761cb939cec91e496369006c52f36d67855d71717a7b2c",
      "sha2@0.2.5/src/sha512/write/varArray.mo": "8aa1ddc8ee1b6669f86a0fac9a0fa545b1402cb7cc9bf162e51f27b4f03d3905"
    },
    "sha3@0.1.1": {
      "sha3@0.1.1/LICENSE": "d8d6d16630a5c26202efdc264fb926154c8c5a19115aff6ee5b21a4defd3d430",
      "sha3@0.1.1/README.md": "80674416dba195c8838a08dc92c0d6f5d03f650fb8be946341acc2b78a5ff058",
      "sha3@0.1.1/mops.toml": "4428621816bdfc3439fba82a9fac23fd306ec13b0473b050d8db46b1fefe9595",
      "sha3@0.1.1/src/lib.mo": "2d5c2314b44572b52efaf68d2d9867e5aae3482c9be4c82001821f6472757243"
    },
    "test@2.1.2": {
      "test@2.1.2/LICENSE": "ec415b57f8143746b567c94bfad243f5342f3edf110c94641a1a60e02722db55",
      "test@2.1.2/README.md": "991a9ea896698d7ef1e7e55d038c7580d68182b3d30f78886304e374c64fbc01",
      "test@2.1.2/mops.toml": "83e5024af6a5558f18a41b3ab8b60291f65e8470c0375c7e880896ccb02edf14",
      "test@2.1.2/src/async.mo": "79b433a5d32184d0cad289f0b7ee6cd2256534689a015430efc43e3510c2217a",
      "test@2.1.2/src/expect/async.mo": "c1518bd82ef8c2def86bc6b5fc1df1691eab9935adacc413cab4fe9f1eda6f4a",
      "test@2.1.2/src/expect/expect-array.mo": "f5e6808b28c5948a40e11def8f5534bcacef1211a0b6f02e63e8653e5ee5e6aa",
      "test@2.1.2/src/expect/expect-blob.mo": "944d92855573f5056d10cab2ee67f5ca153a792de9aa5074ccb0da7417a77ceb",
      "test@2.1.2/src/expect/expect-bool.mo": "dd663249dd67d5ff5241a8ecb9b16e016abe24f0570e5aac8b912fc312e4a5d4",
      "test@2.1.2/src/expect/expect-call.mo": "9aeeb5d56f753586e685fd3a7544b4a895e9e2a1f01f2c3423c66f87059512eb",
      "test@2.1.2/src/expect/expect-char.mo": "7464e454a815e76e9d56989d59b8eda8781dd7dd28019ada3c513b764a5ff863",
      "test@2.1.2/src/expect/expect-int.mo": "67837bcbd681bc180a8c528defab5153d9f8aaf4998b91ca3f787e714011cdf6",
      "test@2.1.2/src/expect/expect-int16.mo": "15dfb2b13e74819d9f02927708c8f7cbbb8e0b13c0a9b249d843b16c3bcf4659",
      "test@2.1.2/src/expect/expect-int32.mo": "577cc992737c99f07df7eb71462bb99f0b9b34727a4edf31dea88a7aff2bd48a",
      "test@2.1.2/src/expect/expect-int64.mo": "c3d0025bca7dcda18872b5ea59baad9f485b33647a7118af45a12700793f3c19",
      "test@2.1.2/src/expect/expect-int8.mo": "a88f864f471413fd4fe8300b828805a9e95c42278d55aa4351526d3c4f3c1e2c",
      "test@2.1.2/src/expect/expect-nat.mo": "0f9cefc54f429a48a5ec1eb2f26bb73f771b6ca165fac300bf7228633429b049",
      "test@2.1.2/src/expect/expect-nat16.mo": "eff67a91dc8eed0478d3558c1900257802c5c6c527d13f4ef6726ebd53492d6a",
      "test@2.1.2/src/expect/expect-nat32.mo": "3ea76a0c53c806fad57d768ca79702c65faaf85b69ad61e49688b90d9a32094b",
      "test@2.1.2/src/expect/expect-nat64.mo": "13536637dbb595bceec51db56c7cfc39221a9d5b5ea23baee66d19d6103f600f",
      "test@2.1.2/src/expect/expect-nat8.mo": "2b5145da40599eb01ef5fe6807162cc9b2a5fbe5044fd4003ebdf6bf26cbf4b6",
      "test@2.1.2/src/expect/expect-option.mo": "d5f2bce86a6f5c8e0bdbe1a72f1cbb80b01d3822b73da90239b84d91cb0af5d6",
      "test@2.1.2/src/expect/expect-principal.mo": "93842843aa02bde6cdb94ee4daa35ed95d4b2da87bc228689b9cc8c5d9bdc178",
      "test@2.1.2/src/expect/expect-result.mo": "3c03969dc0f08c80fa003ab23760a933f47ac928834734faca0f62fe940d3ab9",
      "test@2.1.2/src/expect/expect-text.mo": "ffb21d802a48411ed45555e82edd5b5a82c91eb37b88c5d8d061880bab897735",
      "test@2.1.2/src/expect/lib.mo": "b74da3928ed8c23c31b5979059f0ac549cd7f09e7a29af9b105d8f9e32e192ed",
      "test@2.1.2/src/expect/utils.mo": "22e364d2ec8285c09ace83cb99b3257ba66a87cfe0312f6623ab0ab35ce47009",
      "test@2.1.2/src/lib.mo": "e4559fbc3bcd229fb99de7dcdd68d56319ae8bc27509d6f3ad6d13c514915a39",
      "test@2.1.2/src/utils.mo": "6b81172d908c2fb759597373b811e22a987d4cd69f1aa69615da252bed6e7466"
    }
  }
}